
Microsoft Visual Studio Solution File, Format Version 12.00
Project("{FAE04EC0-301F-11D3-BF4B-00C04F79EFBC}") = "School_66", "School_66.csproj", "{B2AC0BA0-A917-403D-8F38-DD8C7C690C51}"
EndProject
Global
	GlobalSection(SolutionConfigurationPlatforms) = preSolution
		Debug|Any CPU = Debug|Any CPU
		Release|Any CPU = Release|Any CPU
	EndGlobalSection
	GlobalSection(ProjectConfigurationPlatforms) = postSolution
		{B2AC0BA0-A917-403D-8F38-DD8C7C690C51}.Debug|Any CPU.ActiveCfg = Debug|Any CPU
		{B2AC0BA0-A917-403D-8F38-DD8C7C690C51}.Debug|Any CPU.Build.0 = Debug|Any CPU
		{B2AC0BA0-A917-403D-8F38-DD8C7C690C51}.Release|Any CPU.ActiveCfg = Release|Any CPU
		{B2AC0BA0-A917-403D-8F38-DD8C7C690C51}.Release|Any CPU.Build.0 = Release|Any CPU
	EndGlobalSection
EndGlobal
